
Microsoft Visual Studio Solution File, Format Version 12.00
# Visual Studio 15
VisualStudioVersion = 15.0.28307.1259
MinimumVisualStudioVersion = 10.0.40219.1
Project("{9A19103F-16F7-4668-BE54-9A1E7A4F7556}") = "FitKidCateringApp", "App\FitKidCateringApp.csproj", "{167AEAB2-E752-414A-A359-6803EFD06FA1}"
EndProject
Global
	GlobalSection(SolutionConfigurationPlatforms) = preSolution
		Debug|Any CPU = Debug|Any CPU
		Release|Any CPU = Release|Any CPU
	EndGlobalSection
	GlobalSection(ProjectConfigurationPlatforms) = postSolution
		{167AEAB2-E752-414A-A359-6803EFD06FA1}.Debug|Any CPU.ActiveCfg = Debug|Any CPU
		{167AEAB2-E752-414A-A359-6803EFD06FA1}.Debug|Any CPU.Build.0 = Debug|Any CPU
		{167AEAB2-E752-414A-A359-6803EFD06FA1}.Release|Any CPU.ActiveCfg = Release|Any CPU
		{167AEAB2-E752-414A-A359-6803EFD06FA1}.Release|Any CPU.Build.0 = Release|Any CPU
	EndGlobalSection
	GlobalSection(SolutionProperties) = preSolution
		HideSolutionNode = FALSE
	EndGlobalSection
	GlobalSection(ExtensibilityGlobals) = postSolution
		SolutionGuid = {BD8C8822-9E9A-4118-B13C-855667675E95}
	EndGlobalSection
EndGlobal
